
Microsoft Visual Studio Solution File, Format Version 12.00
# Visual Studio 15
VisualStudioVersion = 15.0.26403.3
MinimumVisualStudioVersion = 10.0.40219.1
Project("{FAE04EC0-301F-11D3-BF4B-00C04F79EFBC}") = "FodyVisitorTest", "FodyVisitorTest\FodyVisitorTest.csproj", "{BBA1F9FD-C460-4899-A4F9-7F96B1A2C4FE}"
	ProjectSection(ProjectDependencies) = postProject
		{5E018EAF-8FC6-4527-90A2-E911E32115DC} = {5E018EAF-8FC6-4527-90A2-E911E32115DC}
	EndProjectSection
EndProject
Project("{FAE04EC0-301F-11D3-BF4B-00C04F79EFBC}") = "Visitor", "Visitor\Visitor.csproj", "{88EA95D5-6376-4DEF-AAD1-C9308DFBC287}"
EndProject
Project("{FAE04EC0-301F-11D3-BF4B-00C04F79EFBC}") = "Visitor.Fody", "Visitor.Fody\Visitor.Fody.csproj", "{5E018EAF-8FC6-4527-90A2-E911E32115DC}"
EndProject
Global
	GlobalSection(SolutionConfigurationPlatforms) = preSolution
		Debug|Any CPU = Debug|Any CPU
		Release|Any CPU = Release|Any CPU
	EndGlobalSection
	GlobalSection(ProjectConfigurationPlatforms) = postSolution
		{BBA1F9FD-C460-4899-A4F9-7F96B1A2C4FE}.Debug|Any CPU.ActiveCfg = Debug|Any CPU
		{BBA1F9FD-C460-4899-A4F9-7F96B1A2C4FE}.Debug|Any CPU.Build.0 = Debug|Any CPU
		{BBA1F9FD-C460-4899-A4F9-7F96B1A2C4FE}.Release|Any CPU.ActiveCfg = Release|Any CPU
		{BBA1F9FD-C460-4899-A4F9-7F96B1A2C4FE}.Release|Any CPU.Build.0 = Release|Any CPU
		{88EA95D5-6376-4DEF-AAD1-C9308DFBC287}.Debug|Any CPU.ActiveCfg = Debug|Any CPU
		{88EA95D5-6376-4DEF-AAD1-C9308DFBC287}.Debug|Any CPU.Build.0 = Debug|Any CPU
		{88EA95D5-6376-4DEF-AAD1-C9308DFBC287}.Release|Any CPU.ActiveCfg = Release|Any CPU
		{88EA95D5-6376-4DEF-AAD1-C9308DFBC287}.Release|Any CPU.Build.0 = Release|Any CPU
		{5E018EAF-8FC6-4527-90A2-E911E32115DC}.Debug|Any CPU.ActiveCfg = Debug|Any CPU
		{5E018EAF-8FC6-4527-90A2-E911E32115DC}.Debug|Any CPU.Build.0 = Debug|Any CPU
		{5E018EAF-8FC6-4527-90A2-E911E32115DC}.Release|Any CPU.ActiveCfg = Release|Any CPU
		{5E018EAF-8FC6-4527-90A2-E911E32115DC}.Release|Any CPU.Build.0 = Release|Any CPU
	EndGlobalSection
	GlobalSection(SolutionProperties) = preSolution
		HideSolutionNode = FALSE
	EndGlobalSection
EndGlobal
